
Microsoft Visual Studio Solution File, Format Version 12.00
# Visual Studio Version 17
VisualStudioVersion = 17.12.35527.113
MinimumVisualStudioVersion = 10.0.40219.1
Project("{FAE04EC0-301F-11D3-BF4B-00C04F79EFBC}") = "SecureAPIs", "SecureAPIs\SecureAPIs.csproj", "{C2DDFBB4-B909-4AE7-A861-1C5DAF383CF5}"
EndProject
Project("{E24C65DC-7377-472B-9ABA-BC803B73C61A}") = "client-app", "..\client-app\client-app\", "{26806018-350B-420B-BC12-51DAC6EE5BC9}"
	ProjectSection(WebsiteProperties) = preProject
		TargetFrameworkMoniker = ".NETFramework,Version%3Dv4.8"
		Debug.AspNetCompiler.VirtualPath = "/localhost_64886"
		Debug.AspNetCompiler.PhysicalPath = "..\client-app\client-app\"
		Debug.AspNetCompiler.TargetPath = "PrecompiledWeb\localhost_64886\"
		Debug.AspNetCompiler.Updateable = "true"
		Debug.AspNetCompiler.ForceOverwrite = "true"
		Debug.AspNetCompiler.FixedNames = "false"
		Debug.AspNetCompiler.Debug = "True"
		Release.AspNetCompiler.VirtualPath = "/localhost_64886"
		Release.AspNetCompiler.PhysicalPath = "..\client-app\client-app\"
		Release.AspNetCompiler.TargetPath = "PrecompiledWeb\localhost_64886\"
		Release.AspNetCompiler.Updateable = "true"
		Release.AspNetCompiler.ForceOverwrite = "true"
		Release.AspNetCompiler.FixedNames = "false"
		Release.AspNetCompiler.Debug = "False"
		VWDPort = "64886"
		SlnRelativePath = "..\client-app\client-app\"
	EndProjectSection
EndProject
Project("{FAE04EC0-301F-11D3-BF4B-00C04F79EFBC}") = "SecureAPIs.Tests", "SecureAPIs.Tests\SecureAPIs.Tests.csproj", "{4E1792AB-52A4-4E67-A14B-84B7B5634652}"
EndProject
Global
	GlobalSection(SolutionConfigurationPlatforms) = preSolution
		Debug|Any CPU = Debug|Any CPU
		Release|Any CPU = Release|Any CPU
	EndGlobalSection
	GlobalSection(ProjectConfigurationPlatforms) = postSolution
		{C2DDFBB4-B909-4AE7-A861-1C5DAF383CF5}.Debug|Any CPU.ActiveCfg = Debug|Any CPU
		{C2DDFBB4-B909-4AE7-A861-1C5DAF383CF5}.Debug|Any CPU.Build.0 = Debug|Any CPU
		{C2DDFBB4-B909-4AE7-A861-1C5DAF383CF5}.Release|Any CPU.ActiveCfg = Release|Any CPU
		{C2DDFBB4-B909-4AE7-A861-1C5DAF383CF5}.Release|Any CPU.Build.0 = Release|Any CPU
		{26806018-350B-420B-BC12-51DAC6EE5BC9}.Debug|Any CPU.ActiveCfg = Debug|Any CPU
		{26806018-350B-420B-BC12-51DAC6EE5BC9}.Debug|Any CPU.Build.0 = Debug|Any CPU
		{26806018-350B-420B-BC12-51DAC6EE5BC9}.Release|Any CPU.ActiveCfg = Debug|Any CPU
		{26806018-350B-420B-BC12-51DAC6EE5BC9}.Release|Any CPU.Build.0 = Debug|Any CPU
		{4E1792AB-52A4-4E67-A14B-84B7B5634652}.Debug|Any CPU.ActiveCfg = Debug|Any CPU
		{4E1792AB-52A4-4E67-A14B-84B7B5634652}.Debug|Any CPU.Build.0 = Debug|Any CPU
		{4E1792AB-52A4-4E67-A14B-84B7B5634652}.Release|Any CPU.ActiveCfg = Release|Any CPU
		{4E1792AB-52A4-4E67-A14B-84B7B5634652}.Release|Any CPU.Build.0 = Release|Any CPU
	EndGlobalSection
	GlobalSection(SolutionProperties) = preSolution
		HideSolutionNode = FALSE
	EndGlobalSection
EndGlobal
